
Microsoft Visual Studio Solution File, Format Version 12.00
# Visual Studio 14
VisualStudioVersion = 14.0.25420.1
MinimumVisualStudioVersion = 10.0.40219.1
Project("{FAE04EC0-301F-11D3-BF4B-00C04F79EFBC}") = "Data", "Data\Data.csproj", "{CC221BB8-C7B8-48ED-A1B2-D60F47D8AF13}"
EndProject
Project("{FAE04EC0-301F-11D3-BF4B-00C04F79EFBC}") = "ConsoleDataTest", "..\ConsoleData\ConsoleDataTest\ConsoleDataTest.csproj", "{0A2D85E0-F6F0-4A72-AB6C-5761E17C86A6}"
EndProject
Global
	GlobalSection(SolutionConfigurationPlatforms) = preSolution
		Debug|Any CPU = Debug|Any CPU
		Release|Any CPU = Release|Any CPU
	EndGlobalSection
	GlobalSection(ProjectConfigurationPlatforms) = postSolution
		{CC221BB8-C7B8-48ED-A1B2-D60F47D8AF13}.Debug|Any CPU.ActiveCfg = Debug|Any CPU
		{CC221BB8-C7B8-48ED-A1B2-D60F47D8AF13}.Debug|Any CPU.Build.0 = Debug|Any CPU
		{CC221BB8-C7B8-48ED-A1B2-D60F47D8AF13}.Release|Any CPU.ActiveCfg = Release|Any CPU
		{CC221BB8-C7B8-48ED-A1B2-D60F47D8AF13}.Release|Any CPU.Build.0 = Release|Any CPU
		{0A2D85E0-F6F0-4A72-AB6C-5761E17C86A6}.Debug|Any CPU.ActiveCfg = Debug|Any CPU
		{0A2D85E0-F6F0-4A72-AB6C-5761E17C86A6}.Debug|Any CPU.Build.0 = Debug|Any CPU
		{0A2D85E0-F6F0-4A72-AB6C-5761E17C86A6}.Release|Any CPU.ActiveCfg = Release|Any CPU
		{0A2D85E0-F6F0-4A72-AB6C-5761E17C86A6}.Release|Any CPU.Build.0 = Release|Any CPU
	EndGlobalSection
	GlobalSection(SolutionProperties) = preSolution
		HideSolutionNode = FALSE
	EndGlobalSection
EndGlobal
